
Microsoft Visual Studio Solution File, Format Version 12.00
# Visual Studio 14
VisualStudioVersion = 14.0.24720.0
MinimumVisualStudioVersion = 10.0.40219.1
Project("{FAE04EC0-301F-11D3-BF4B-00C04F79EFBC}") = "Game Launcher", "Game Launcher\Game Launcher.csproj", "{F566038E-A3C2-4ED8-B0F0-44E758BFC0AA}"
EndProject
Global
	GlobalSection(SolutionConfigurationPlatforms) = preSolution
		Debug|Any CPU = Debug|Any CPU
		Release|Any CPU = Release|Any CPU
	EndGlobalSection
	GlobalSection(ProjectConfigurationPlatforms) = postSolution
		{F566038E-A3C2-4ED8-B0F0-44E758BFC0AA}.Debug|Any CPU.ActiveCfg = Debug|Any CPU
		{F566038E-A3C2-4ED8-B0F0-44E758BFC0AA}.Debug|Any CPU.Build.0 = Debug|Any CPU
		{F566038E-A3C2-4ED8-B0F0-44E758BFC0AA}.Release|Any CPU.ActiveCfg = Release|Any CPU
		{F566038E-A3C2-4ED8-B0F0-44E758BFC0AA}.Release|Any CPU.Build.0 = Release|Any CPU
	EndGlobalSection
	GlobalSection(SolutionProperties) = preSolution
		HideSolutionNode = FALSE
	EndGlobalSection
EndGlobal
